{
  "version": 4,
  "terraform_version": "1.0.4",
  "serial": 15,
  "lineage": "ce76735d-3adb-0f01-ec82-556b3282f059",
  "outputs": {
    "dnaas": {
      "value": {
        "zone": {
          "description": "",
          "email": "louis@unyc.io",
          "masters": [],
          "name": "example.com.",
          "recordsets": [
            {
              "description": "",
              "name": "test",
              "records": [
                "10.0.0.1"
              ],
              "ttl": 3000,
              "type": "A"
            },
            {
              "description": "",
              "name": "test2",
              "records": [
                "10.0.0.2"
              ],
              "ttl": 3000,
              "type": "A"
            }
          ],
          "ttl": 3600,
          "type": "PRIMARY"
        }
      },
      "type": [
        "object",
        {
          "zone": [
            "object",
            {
              "description": "string",
              "email": "string",
              "masters": [
                "list",
                "string"
              ],
              "name": "string",
              "recordsets": [
                "list",
                [
                  "object",
                  {
                    "description": "string",
                    "name": "string",
                    "records": [
                      "list",
                      "string"
                    ],
                    "ttl": "number",
                    "type": "string"
                  }
                ]
              ],
              "ttl": "number",
              "type": "string"
            }
          ]
        }
      ]
    }
  },
  "resources": [
    {
      "module": "module.dnaas",
      "mode": "managed",
      "type": "openstack_dns_recordset_v2",
      "name": "recordset",
      "provider": "provider[\"registry.terraform.io/terraform-provider-openstack/openstack\"]",
      "instances": [
        {
          "index_key": 0,
          "schema_version": 0,
          "attributes": {
            "description": "",
            "disable_status_check": false,
            "id": "51812637-f88f-4fd9-924d-162ec3bcb9af/0d0d47a2-de88-4352-a95f-aa934974bfc1",
            "name": "test.example.com.",
            "project_id": "27489ffb906145118fa983694cd990d2",
            "records": [
              "10.0.0.1"
            ],
            "region": "par1",
            "timeouts": null,
            "ttl": 0,
            "type": "A",
            "value_specs": null,
            "zone_id": "51812637-f88f-4fd9-924d-162ec3bcb9af"
          },
          "sensitive_attributes": [],
          "private": "eyJlMmJmYjczMC1lY2FhLTExZTYtOGY4OC0zNDM2M2JjN2M0YzAiOnsiY3JlYXRlIjo2MDAwMDAwMDAwMDAsImRlbGV0ZSI6NjAwMDAwMDAwMDAwLCJ1cGRhdGUiOjYwMDAwMDAwMDAwMH19",
          "dependencies": [
            "module.dnaas.openstack_dns_zone_v2.zone"
          ]
        },
        {
          "index_key": 1,
          "schema_version": 0,
          "attributes": {
            "description": "",
            "disable_status_check": false,
            "id": "51812637-f88f-4fd9-924d-162ec3bcb9af/d9286b8c-fc46-4cf9-a4ee-dad78bc3226c",
            "name": "test2.example.com.",
            "project_id": "27489ffb906145118fa983694cd990d2",
            "records": [
              "10.0.0.2"
            ],
            "region": "par1",
            "timeouts": null,
            "ttl": 0,
            "type": "A",
            "value_specs": null,
            "zone_id": "51812637-f88f-4fd9-924d-162ec3bcb9af"
          },
          "sensitive_attributes": [],
          "private": "eyJlMmJmYjczMC1lY2FhLTExZTYtOGY4OC0zNDM2M2JjN2M0YzAiOnsiY3JlYXRlIjo2MDAwMDAwMDAwMDAsImRlbGV0ZSI6NjAwMDAwMDAwMDAwLCJ1cGRhdGUiOjYwMDAwMDAwMDAwMH19",
          "dependencies": [
            "module.dnaas.openstack_dns_zone_v2.zone"
          ]
        }
      ]
    },
    {
      "module": "module.dnaas",
      "mode": "managed",
      "type": "openstack_dns_zone_v2",
      "name": "zone",
      "provider": "provider[\"registry.terraform.io/terraform-provider-openstack/openstack\"]",
      "instances": [
        {
          "schema_version": 0,
          "attributes": {
            "attributes": null,
            "description": "",
            "disable_status_check": false,
            "email": "louis@unyc.io",
            "id": "51812637-f88f-4fd9-924d-162ec3bcb9af",
            "masters": null,
            "name": "example.com.",
            "project_id": "27489ffb906145118fa983694cd990d2",
            "region": "par1",
            "timeouts": null,
            "ttl": 3600,
            "type": "PRIMARY",
            "value_specs": null
          },
          "sensitive_attributes": [],
          "private": "eyJlMmJmYjczMC1lY2FhLTExZTYtOGY4OC0zNDM2M2JjN2M0YzAiOnsiY3JlYXRlIjo2MDAwMDAwMDAwMDAsImRlbGV0ZSI6NjAwMDAwMDAwMDAwLCJ1cGRhdGUiOjYwMDAwMDAwMDAwMH19"
        }
      ]
    }
  ]
}
